{
  "name": "osdautoregistration",
  "version": "1.0.0",
  "lockfileVersion": 2,
  "requires": true,
  "packages": {
    "": {
      "name": "osdautoregistration",
      "version": "1.0.0",
      "license": "ISC",
      "dependencies": {
        "async": "^3.2.4",
        "jquery": "^3.6.3",
        "openseadragon": "^4.0.0",
        "underscore": "^1.13.6",
        "webix": "^10.0.1"
      }
    },
    "node_modules/async": {
      "version": "3.2.4",
      "resolved": "https://registry.npmjs.org/async/-/async-3.2.4.tgz",
      "integrity": "sha512-iAB+JbDEGXhyIUavoDl9WP/Jj106Kz9DEn1DPgYw5ruDn0e3Wgi3sKFm55sASdGBNOQB8F59d9qQ7deqrHA8wQ=="
    },
    "node_modules/jquery": {
      "version": "3.6.3",
      "resolved": "https://registry.npmjs.org/jquery/-/jquery-3.6.3.tgz",
      "integrity": "sha512-bZ5Sy3YzKo9Fyc8wH2iIQK4JImJ6R0GWI9kL1/k7Z91ZBNgkRXE6U0JfHIizZbort8ZunhSI3jw9I6253ahKfg=="
    },
    "node_modules/openseadragon": {
      "version": "4.0.0",
      "resolved": "https://registry.npmjs.org/openseadragon/-/openseadragon-4.0.0.tgz",
      "integrity": "sha512-HsjSgqiiPwLkW5576GxDJ7Rax96iLUET8fnTsJvu7uYYkd+qzen3bflxHyph0OVVgZBKP9SpGH1nPdU4Mz0Z2A==",
      "funding": {
        "url": "https://opencollective.com/openseadragon"
      }
    },
    "node_modules/underscore": {
      "version": "1.13.6",
      "resolved": "https://registry.npmjs.org/underscore/-/underscore-1.13.6.tgz",
      "integrity": "sha512-+A5Sja4HP1M08MaXya7p5LvjuM7K6q/2EaC0+iovj/wOcMsTzMvDFbasi/oSapiwOlt252IqsKqPjCl7huKS0A=="
    },
    "node_modules/webix": {
      "version": "10.0.1",
      "resolved": "https://registry.npmjs.org/webix/-/webix-10.0.1.tgz",
      "integrity": "sha512-Ing4Hc56HIo0wu7rGIByhAjuWHxloSTvCfzdgjuHNVi07WtfJxkaYoRCJjN29CifagnAuB4m4M9bBUD4EH1Dig=="
    }
  },
  "dependencies": {
    "async": {
      "version": "3.2.4",
      "resolved": "https://registry.npmjs.org/async/-/async-3.2.4.tgz",
      "integrity": "sha512-iAB+JbDEGXhyIUavoDl9WP/Jj106Kz9DEn1DPgYw5ruDn0e3Wgi3sKFm55sASdGBNOQB8F59d9qQ7deqrHA8wQ=="
    },
    "jquery": {
      "version": "3.6.3",
      "resolved": "https://registry.npmjs.org/jquery/-/jquery-3.6.3.tgz",
      "integrity": "sha512-bZ5Sy3YzKo9Fyc8wH2iIQK4JImJ6R0GWI9kL1/k7Z91ZBNgkRXE6U0JfHIizZbort8ZunhSI3jw9I6253ahKfg=="
    },
    "openseadragon": {
      "version": "4.0.0",
      "resolved": "https://registry.npmjs.org/openseadragon/-/openseadragon-4.0.0.tgz",
      "integrity": "sha512-HsjSgqiiPwLkW5576GxDJ7Rax96iLUET8fnTsJvu7uYYkd+qzen3bflxHyph0OVVgZBKP9SpGH1nPdU4Mz0Z2A=="
    },
    "underscore": {
      "version": "1.13.6",
      "resolved": "https://registry.npmjs.org/underscore/-/underscore-1.13.6.tgz",
      "integrity": "sha512-+A5Sja4HP1M08MaXya7p5LvjuM7K6q/2EaC0+iovj/wOcMsTzMvDFbasi/oSapiwOlt252IqsKqPjCl7huKS0A=="
    },
    "webix": {
      "version": "10.0.1",
      "resolved": "https://registry.npmjs.org/webix/-/webix-10.0.1.tgz",
      "integrity": "sha512-Ing4Hc56HIo0wu7rGIByhAjuWHxloSTvCfzdgjuHNVi07WtfJxkaYoRCJjN29CifagnAuB4m4M9bBUD4EH1Dig=="
    }
  }
}
